
Microsoft Visual Studio Solution File, Format Version 12.00
# Visual Studio Version 17
VisualStudioVersion = 17.13.35818.85
MinimumVisualStudioVersion = 10.0.40219.1
Project("{FAE04EC0-301F-11D3-BF4B-00C04F79EFBC}") = "CSStack.PrimeBlazor.Bootstrap", "CSStack.PrimeBlazor.Bootstrap\CSStack.PrimeBlazor.Bootstrap.csproj", "{07F8250F-F5CE-410C-931F-517BAE23A640}"
EndProject
Project("{FAE04EC0-301F-11D3-BF4B-00C04F79EFBC}") = "CSStack.PrimeBlazor", "..\CSStack.PrimeBlazor\CSStack.PrimeBlazor\CSStack.PrimeBlazor.csproj", "{6779BC94-998B-C3F9-5B3F-ECC4CD5E5EA0}"
EndProject
Project("{FAE04EC0-301F-11D3-BF4B-00C04F79EFBC}") = "CSStack.PrimeBlazor.Bootstrap.TestApp", "CSStack.PrimeBlazor.Bootstrap.TestApp\CSStack.PrimeBlazor.Bootstrap.TestApp\CSStack.PrimeBlazor.Bootstrap.TestApp.csproj", "{B499D9C3-25A2-4CD4-B547-335C0E4A8843}"
EndProject
Project("{FAE04EC0-301F-11D3-BF4B-00C04F79EFBC}") = "CSStack.PrimeBlazor.Bootstrap.TestApp.Client", "CSStack.PrimeBlazor.Bootstrap.TestApp\CSStack.PrimeBlazor.Bootstrap.TestApp.Client\CSStack.PrimeBlazor.Bootstrap.TestApp.Client.csproj", "{7B19D6C5-7737-416E-820F-FEFD7716707C}"
EndProject
Project("{2150E333-8FDC-42A3-9474-1A3956D46DE8}") = "ソリューション項目", "ソリューション項目", "{2022CB0F-8BAF-F49E-0C48-8EF4C96EC109}"
	ProjectSection(SolutionItems) = preProject
		Readme.md = Readme.md
	EndProjectSection
EndProject
Global
	GlobalSection(SolutionConfigurationPlatforms) = preSolution
		Debug|Any CPU = Debug|Any CPU
		Release|Any CPU = Release|Any CPU
	EndGlobalSection
	GlobalSection(ProjectConfigurationPlatforms) = postSolution
		{07F8250F-F5CE-410C-931F-517BAE23A640}.Debug|Any CPU.ActiveCfg = Debug|Any CPU
		{07F8250F-F5CE-410C-931F-517BAE23A640}.Debug|Any CPU.Build.0 = Debug|Any CPU
		{07F8250F-F5CE-410C-931F-517BAE23A640}.Release|Any CPU.ActiveCfg = Release|Any CPU
		{07F8250F-F5CE-410C-931F-517BAE23A640}.Release|Any CPU.Build.0 = Release|Any CPU
		{6779BC94-998B-C3F9-5B3F-ECC4CD5E5EA0}.Debug|Any CPU.ActiveCfg = Debug|Any CPU
		{6779BC94-998B-C3F9-5B3F-ECC4CD5E5EA0}.Debug|Any CPU.Build.0 = Debug|Any CPU
		{6779BC94-998B-C3F9-5B3F-ECC4CD5E5EA0}.Release|Any CPU.ActiveCfg = Release|Any CPU
		{6779BC94-998B-C3F9-5B3F-ECC4CD5E5EA0}.Release|Any CPU.Build.0 = Release|Any CPU
		{B499D9C3-25A2-4CD4-B547-335C0E4A8843}.Debug|Any CPU.ActiveCfg = Debug|Any CPU
		{B499D9C3-25A2-4CD4-B547-335C0E4A8843}.Debug|Any CPU.Build.0 = Debug|Any CPU
		{B499D9C3-25A2-4CD4-B547-335C0E4A8843}.Release|Any CPU.ActiveCfg = Release|Any CPU
		{B499D9C3-25A2-4CD4-B547-335C0E4A8843}.Release|Any CPU.Build.0 = Release|Any CPU
		{7B19D6C5-7737-416E-820F-FEFD7716707C}.Debug|Any CPU.ActiveCfg = Debug|Any CPU
		{7B19D6C5-7737-416E-820F-FEFD7716707C}.Debug|Any CPU.Build.0 = Debug|Any CPU
		{7B19D6C5-7737-416E-820F-FEFD7716707C}.Release|Any CPU.ActiveCfg = Release|Any CPU
		{7B19D6C5-7737-416E-820F-FEFD7716707C}.Release|Any CPU.Build.0 = Release|Any CPU
	EndGlobalSection
	GlobalSection(SolutionProperties) = preSolution
		HideSolutionNode = FALSE
	EndGlobalSection
	GlobalSection(ExtensibilityGlobals) = postSolution
		SolutionGuid = {7546F303-5CE0-4307-A0A7-80FC73C915B9}
	EndGlobalSection
EndGlobal
